
Microsoft Visual Studio Solution File, Format Version 12.00
# Visual Studio Version 17
VisualStudioVersion = 17.3.32929.385
MinimumVisualStudioVersion = 10.0.40219.1
Project("{FAE04EC0-301F-11D3-BF4B-00C04F79EFBC}") = "MathematicTests", "MathematicTests\MathematicTests.csproj", "{BA5AEF59-F7D7-4CBA-8EC1-697CDB2B8250}"
EndProject
Global
	GlobalSection(SolutionConfigurationPlatforms) = preSolution
		Debug|Any CPU = Debug|Any CPU
		Release|Any CPU = Release|Any CPU
	EndGlobalSection
	GlobalSection(ProjectConfigurationPlatforms) = postSolution
		{BA5AEF59-F7D7-4CBA-8EC1-697CDB2B8250}.Debug|Any CPU.ActiveCfg = Debug|Any CPU
		{BA5AEF59-F7D7-4CBA-8EC1-697CDB2B8250}.Debug|Any CPU.Build.0 = Debug|Any CPU
		{BA5AEF59-F7D7-4CBA-8EC1-697CDB2B8250}.Release|Any CPU.ActiveCfg = Release|Any CPU
		{BA5AEF59-F7D7-4CBA-8EC1-697CDB2B8250}.Release|Any CPU.Build.0 = Release|Any CPU
	EndGlobalSection
	GlobalSection(SolutionProperties) = preSolution
		HideSolutionNode = FALSE
	EndGlobalSection
	GlobalSection(ExtensibilityGlobals) = postSolution
		SolutionGuid = {A9102EBD-788E-4A1D-B42C-A23EE47CD075}
	EndGlobalSection
EndGlobal
